
Microsoft Visual Studio Solution File, Format Version 12.00
# Visual Studio 15
VisualStudioVersion = 15.0.26730.16
MinimumVisualStudioVersion = 10.0.40219.1
Project("{FAE04EC0-301F-11D3-BF4B-00C04F79EFBC}") = "WeatherConfigApp.Android", "WeatherConfigApp\WeatherConfigApp.Android\WeatherConfigApp.Android.csproj", "{3CFA9A82-DE90-491B-BE52-62B11E1AE469}"
EndProject
Project("{FAE04EC0-301F-11D3-BF4B-00C04F79EFBC}") = "WeatherConfigApp", "WeatherConfigApp\WeatherConfigApp\WeatherConfigApp.csproj", "{7AC208AC-B995-4A76-A5F1-237AABDC6848}"
EndProject
Project("{FAE04EC0-301F-11D3-BF4B-00C04F79EFBC}") = "WeatherConfigApp.UWP", "WeatherConfigApp\WeatherConfigApp.UWP\WeatherConfigApp.UWP.csproj", "{B40BB066-BC49-4E45-8D77-98549B8D6318}"
EndProject
Project("{FAE04EC0-301F-11D3-BF4B-00C04F79EFBC}") = "WeatherConfigApp.iOS", "WeatherConfigApp\WeatherConfigApp.iOS\WeatherConfigApp.iOS.csproj", "{D9CE84FB-1AB8-4C71-B82F-788F9021726A}"
EndProject
Global
	GlobalSection(SolutionConfigurationPlatforms) = preSolution
		Ad-Hoc|Any CPU = Ad-Hoc|Any CPU
		Ad-Hoc|ARM = Ad-Hoc|ARM
		Ad-Hoc|iPhone = Ad-Hoc|iPhone
		Ad-Hoc|iPhoneSimulator = Ad-Hoc|iPhoneSimulator
		Ad-Hoc|x64 = Ad-Hoc|x64
		Ad-Hoc|x86 = Ad-Hoc|x86
		AppStore|Any CPU = AppStore|Any CPU
		AppStore|ARM = AppStore|ARM
		AppStore|iPhone = AppStore|iPhone
		AppStore|iPhoneSimulator = AppStore|iPhoneSimulator
		AppStore|x64 = AppStore|x64
		AppStore|x86 = AppStore|x86
		Debug|Any CPU = Debug|Any CPU
		Debug|ARM = Debug|ARM
		Debug|iPhone = Debug|iPhone
		Debug|iPhoneSimulator = Debug|iPhoneSimulator
		Debug|x64 = Debug|x64
		Debug|x86 = Debug|x86
		Release|Any CPU = Release|Any CPU
		Release|ARM = Release|ARM
		Release|iPhone = Release|iPhone
		Release|iPhoneSimulator = Release|iPhoneSimulator
		Release|x64 = Release|x64
		Release|x86 = Release|x86
	EndGlobalSection
	GlobalSection(ProjectConfigurationPlatforms) = postSolution
		{3CFA9A82-DE90-491B-BE52-62B11E1AE469}.Ad-Hoc|Any CPU.ActiveCfg = Release|Any CPU
		{3CFA9A82-DE90-491B-BE52-62B11E1AE469}.Ad-Hoc|Any CPU.Build.0 = Release|Any CPU
		{3CFA9A82-DE90-491B-BE52-62B11E1AE469}.Ad-Hoc|Any CPU.Deploy.0 = Release|Any CPU
		{3CFA9A82-DE90-491B-BE52-62B11E1AE469}.Ad-Hoc|ARM.ActiveCfg = Release|Any CPU
		{3CFA9A82-DE90-491B-BE52-62B11E1AE469}.Ad-Hoc|ARM.Build.0 = Release|Any CPU
		{3CFA9A82-DE90-491B-BE52-62B11E1AE469}.Ad-Hoc|ARM.Deploy.0 = Release|Any CPU
		{3CFA9A82-DE90-491B-BE52-62B11E1AE469}.Ad-Hoc|iPhone.ActiveCfg = Release|Any CPU
		{3CFA9A82-DE90-491B-BE52-62B11E1AE469}.Ad-Hoc|iPhone.Build.0 = Release|Any CPU
		{3CFA9A82-DE90-491B-BE52-62B11E1AE469}.Ad-Hoc|iPhone.Deploy.0 = Release|Any CPU
		{3CFA9A82-DE90-491B-BE52-62B11E1AE469}.Ad-Hoc|iPhoneSimulator.ActiveCfg = Release|Any CPU
		{3CFA9A82-DE90-491B-BE52-62B11E1AE469}.Ad-Hoc|iPhoneSimulator.Build.0 = Release|Any CPU
		{3CFA9A82-DE90-491B-BE52-62B11E1AE469}.Ad-Hoc|iPhoneSimulator.Deploy.0 = Release|Any CPU
		{3CFA9A82-DE90-491B-BE52-62B11E1AE469}.Ad-Hoc|x64.ActiveCfg = Release|Any CPU
		{3CFA9A82-DE90-491B-BE52-62B11E1AE469}.Ad-Hoc|x64.Build.0 = Release|Any CPU
		{3CFA9A82-DE90-491B-BE52-62B11E1AE469}.Ad-Hoc|x64.Deploy.0 = Release|Any CPU
		{3CFA9A82-DE90-491B-BE52-62B11E1AE469}.Ad-Hoc|x86.ActiveCfg = Release|Any CPU
		{3CFA9A82-DE90-491B-BE52-62B11E1AE469}.Ad-Hoc|x86.Build.0 = Release|Any CPU
		{3CFA9A82-DE90-491B-BE52-62B11E1AE469}.Ad-Hoc|x86.Deploy.0 = Release|Any CPU
		{3CFA9A82-DE90-491B-BE52-62B11E1AE469}.AppStore|Any CPU.ActiveCfg = Release|Any CPU
		{3CFA9A82-DE90-491B-BE52-62B11E1AE469}.AppStore|Any CPU.Build.0 = Release|Any CPU
		{3CFA9A82-DE90-491B-BE52-62B11E1AE469}.AppStore|Any CPU.Deploy.0 = Release|Any CPU
		{3CFA9A82-DE90-491B-BE52-62B11E1AE469}.AppStore|ARM.ActiveCfg = Release|Any CPU
		{3CFA9A82-DE90-491B-BE52-62B11E1AE469}.AppStore|ARM.Build.0 = Release|Any CPU
		{3CFA9A82-DE90-491B-BE52-62B11E1AE469}.AppStore|ARM.Deploy.0 = Release|Any CPU
		{3CFA9A82-DE90-491B-BE52-62B11E1AE469}.AppStore|iPhone.ActiveCfg = Release|Any CPU
		{3CFA9A82-DE90-491B-BE52-62B11E1AE469}.AppStore|iPhone.Build.0 = Release|Any CPU
		{3CFA9A82-DE90-491B-BE52-62B11E1AE469}.AppStore|iPhone.Deploy.0 = Release|Any CPU
		{3CFA9A82-DE90-491B-BE52-62B11E1AE469}.AppStore|iPhoneSimulator.ActiveCfg = Release|Any CPU
		{3CFA9A82-DE90-491B-BE52-62B11E1AE469}.AppStore|iPhoneSimulator.Build.0 = Release|Any CPU
		{3CFA9A82-DE90-491B-BE52-62B11E1AE469}.AppStore|iPhoneSimulator.Deploy.0 = Release|Any CPU
		{3CFA9A82-DE90-491B-BE52-62B11E1AE469}.AppStore|x64.ActiveCfg = Release|Any CPU
		{3CFA9A82-DE90-491B-BE52-62B11E1AE469}.AppStore|x64.Build.0 = Release|Any CPU
		{3CFA9A82-DE90-491B-BE52-62B11E1AE469}.AppStore|x64.Deploy.0 = Release|Any CPU
		{3CFA9A82-DE90-491B-BE52-62B11E1AE469}.AppStore|x86.ActiveCfg = Release|Any CPU
		{3CFA9A82-DE90-491B-BE52-62B11E1AE469}.AppStore|x86.Build.0 = Release|Any CPU
		{3CFA9A82-DE90-491B-BE52-62B11E1AE469}.AppStore|x86.Deploy.0 = Release|Any CPU
		{3CFA9A82-DE90-491B-BE52-62B11E1AE469}.Debug|Any CPU.ActiveCfg = Debug|Any CPU
		{3CFA9A82-DE90-491B-BE52-62B11E1AE469}.Debug|Any CPU.Build.0 = Debug|Any CPU
		{3CFA9A82-DE90-491B-BE52-62B11E1AE469}.Debug|Any CPU.Deploy.0 = Debug|Any CPU
		{3CFA9A82-DE90-491B-BE52-62B11E1AE469}.Debug|ARM.ActiveCfg = Debug|Any CPU
		{3CFA9A82-DE90-491B-BE52-62B11E1AE469}.Debug|ARM.Build.0 = Debug|Any CPU
		{3CFA9A82-DE90-491B-BE52-62B11E1AE469}.Debug|ARM.Deploy.0 = Debug|Any CPU
		{3CFA9A82-DE90-491B-BE52-62B11E1AE469}.Debug|iPhone.ActiveCfg = Debug|Any CPU
		{3CFA9A82-DE90-491B-BE52-62B11E1AE469}.Debug|iPhone.Build.0 = Debug|Any CPU
		{3CFA9A82-DE90-491B-BE52-62B11E1AE469}.Debug|iPhone.Deploy.0 = Debug|Any CPU
		{3CFA9A82-DE90-491B-BE52-62B11E1AE469}.Debug|iPhoneSimulator.ActiveCfg = Debug|Any CPU
		{3CFA9A82-DE90-491B-BE52-62B11E1AE469}.Debug|iPhoneSimulator.Build.0 = Debug|Any CPU
		{3CFA9A82-DE90-491B-BE52-62B11E1AE469}.Debug|iPhoneSimulator.Deploy.0 = Debug|Any CPU
		{3CFA9A82-DE90-491B-BE52-62B11E1AE469}.Debug|x64.ActiveCfg = Debug|Any CPU
		{3CFA9A82-DE90-491B-BE52-62B11E1AE469}.Debug|x64.Build.0 = Debug|Any CPU
		{3CFA9A82-DE90-491B-BE52-62B11E1AE469}.Debug|x64.Deploy.0 = Debug|Any CPU
		{3CFA9A82-DE90-491B-BE52-62B11E1AE469}.Debug|x86.ActiveCfg = Debug|Any CPU
		{3CFA9A82-DE90-491B-BE52-62B11E1AE469}.Debug|x86.Build.0 = Debug|Any CPU
		{3CFA9A82-DE90-491B-BE52-62B11E1AE469}.Debug|x86.Deploy.0 = Debug|Any CPU
		{3CFA9A82-DE90-491B-BE52-62B11E1AE469}.Release|Any CPU.ActiveCfg = Release|Any CPU
		{3CFA9A82-DE90-491B-BE52-62B11E1AE469}.Release|Any CPU.Build.0 = Release|Any CPU
		{3CFA9A82-DE90-491B-BE52-62B11E1AE469}.Release|Any CPU.Deploy.0 = Release|Any CPU
		{3CFA9A82-DE90-491B-BE52-62B11E1AE469}.Release|ARM.ActiveCfg = Release|Any CPU
		{3CFA9A82-DE90-491B-BE52-62B11E1AE469}.Release|ARM.Build.0 = Release|Any CPU
		{3CFA9A82-DE90-491B-BE52-62B11E1AE469}.Release|ARM.Deploy.0 = Release|Any CPU
		{3CFA9A82-DE90-491B-BE52-62B11E1AE469}.Release|iPhone.ActiveCfg = Release|Any CPU
		{3CFA9A82-DE90-491B-BE52-62B11E1AE469}.Release|iPhone.Build.0 = Release|Any CPU
		{3CFA9A82-DE90-491B-BE52-62B11E1AE469}.Release|iPhone.Deploy.0 = Release|Any CPU
		{3CFA9A82-DE90-491B-BE52-62B11E1AE469}.Release|iPhoneSimulator.ActiveCfg = Release|Any CPU
		{3CFA9A82-DE90-491B-BE52-62B11E1AE469}.Release|iPhoneSimulator.Build.0 = Release|Any CPU
		{3CFA9A82-DE90-491B-BE52-62B11E1AE469}.Release|iPhoneSimulator.Deploy.0 = Release|Any CPU
		{3CFA9A82-DE90-491B-BE52-62B11E1AE469}.Release|x64.ActiveCfg = Release|Any CPU
		{3CFA9A82-DE90-491B-BE52-62B11E1AE469}.Release|x64.Build.0 = Release|Any CPU
		{3CFA9A82-DE90-491B-BE52-62B11E1AE469}.Release|x64.Deploy.0 = Release|Any CPU
		{3CFA9A82-DE90-491B-BE52-62B11E1AE469}.Release|x86.ActiveCfg = Release|Any CPU
		{3CFA9A82-DE90-491B-BE52-62B11E1AE469}.Release|x86.Build.0 = Release|Any CPU
		{3CFA9A82-DE90-491B-BE52-62B11E1AE469}.Release|x86.Deploy.0 = Release|Any CPU
		{7AC208AC-B995-4A76-A5F1-237AABDC6848}.Ad-Hoc|Any CPU.ActiveCfg = Release|Any CPU
		{7AC208AC-B995-4A76-A5F1-237AABDC6848}.Ad-Hoc|Any CPU.Build.0 = Release|Any CPU
		{7AC208AC-B995-4A76-A5F1-237AABDC6848}.Ad-Hoc|ARM.ActiveCfg = Release|Any CPU
		{7AC208AC-B995-4A76-A5F1-237AABDC6848}.Ad-Hoc|ARM.Build.0 = Release|Any CPU
		{7AC208AC-B995-4A76-A5F1-237AABDC6848}.Ad-Hoc|iPhone.ActiveCfg = Release|Any CPU
		{7AC208AC-B995-4A76-A5F1-237AABDC6848}.Ad-Hoc|iPhone.Build.0 = Release|Any CPU
		{7AC208AC-B995-4A76-A5F1-237AABDC6848}.Ad-Hoc|iPhoneSimulator.ActiveCfg = Release|Any CPU
		{7AC208AC-B995-4A76-A5F1-237AABDC6848}.Ad-Hoc|iPhoneSimulator.Build.0 = Release|Any CPU
		{7AC208AC-B995-4A76-A5F1-237AABDC6848}.Ad-Hoc|x64.ActiveCfg = Release|Any CPU
		{7AC208AC-B995-4A76-A5F1-237AABDC6848}.Ad-Hoc|x64.Build.0 = Release|Any CPU
		{7AC208AC-B995-4A76-A5F1-237AABDC6848}.Ad-Hoc|x86.ActiveCfg = Release|Any CPU
		{7AC208AC-B995-4A76-A5F1-237AABDC6848}.Ad-Hoc|x86.Build.0 = Release|Any CPU
		{7AC208AC-B995-4A76-A5F1-237AABDC6848}.AppStore|Any CPU.ActiveCfg = Release|Any CPU
		{7AC208AC-B995-4A76-A5F1-237AABDC6848}.AppStore|Any CPU.Build.0 = Release|Any CPU
		{7AC208AC-B995-4A76-A5F1-237AABDC6848}.AppStore|ARM.ActiveCfg = Release|Any CPU
		{7AC208AC-B995-4A76-A5F1-237AABDC6848}.AppStore|ARM.Build.0 = Release|Any CPU
		{7AC208AC-B995-4A76-A5F1-237AABDC6848}.AppStore|iPhone.ActiveCfg = Release|Any CPU
		{7AC208AC-B995-4A76-A5F1-237AABDC6848}.AppStore|iPhone.Build.0 = Release|Any CPU
		{7AC208AC-B995-4A76-A5F1-237AABDC6848}.AppStore|iPhoneSimulator.ActiveCfg = Release|Any CPU
		{7AC208AC-B995-4A76-A5F1-237AABDC6848}.AppStore|iPhoneSimulator.Build.0 = Release|Any CPU
		{7AC208AC-B995-4A76-A5F1-237AABDC6848}.AppStore|x64.ActiveCfg = Release|Any CPU
		{7AC208AC-B995-4A76-A5F1-237AABDC6848}.AppStore|x64.Build.0 = Release|Any CPU
		{7AC208AC-B995-4A76-A5F1-237AABDC6848}.AppStore|x86.ActiveCfg = Release|Any CPU
		{7AC208AC-B995-4A76-A5F1-237AABDC6848}.AppStore|x86.Build.0 = Release|Any CPU
		{7AC208AC-B995-4A76-A5F1-237AABDC6848}.Debug|Any CPU.ActiveCfg = Debug|Any CPU
		{7AC208AC-B995-4A76-A5F1-237AABDC6848}.Debug|Any CPU.Build.0 = Debug|Any CPU
		{7AC208AC-B995-4A76-A5F1-237AABDC6848}.Debug|ARM.ActiveCfg = Debug|Any CPU
		{7AC208AC-B995-4A76-A5F1-237AABDC6848}.Debug|ARM.Build.0 = Debug|Any CPU
		{7AC208AC-B995-4A76-A5F1-237AABDC6848}.Debug|iPhone.ActiveCfg = Debug|Any CPU
		{7AC208AC-B995-4A76-A5F1-237AABDC6848}.Debug|iPhone.Build.0 = Debug|Any CPU
		{7AC208AC-B995-4A76-A5F1-237AABDC6848}.Debug|iPhoneSimulator.ActiveCfg = Debug|Any CPU
		{7AC208AC-B995-4A76-A5F1-237AABDC6848}.Debug|iPhoneSimulator.Build.0 = Debug|Any CPU
		{7AC208AC-B995-4A76-A5F1-237AABDC6848}.Debug|x64.ActiveCfg = Debug|Any CPU
		{7AC208AC-B995-4A76-A5F1-237AABDC6848}.Debug|x64.Build.0 = Debug|Any CPU
		{7AC208AC-B995-4A76-A5F1-237AABDC6848}.Debug|x86.ActiveCfg = Debug|Any CPU
		{7AC208AC-B995-4A76-A5F1-237AABDC6848}.Debug|x86.Build.0 = Debug|Any CPU
		{7AC208AC-B995-4A76-A5F1-237AABDC6848}.Release|Any CPU.ActiveCfg = Release|Any CPU
		{7AC208AC-B995-4A76-A5F1-237AABDC6848}.Release|Any CPU.Build.0 = Release|Any CPU
		{7AC208AC-B995-4A76-A5F1-237AABDC6848}.Release|ARM.ActiveCfg = Release|Any CPU
		{7AC208AC-B995-4A76-A5F1-237AABDC6848}.Release|ARM.Build.0 = Release|Any CPU
		{7AC208AC-B995-4A76-A5F1-237AABDC6848}.Release|iPhone.ActiveCfg = Release|Any CPU
		{7AC208AC-B995-4A76-A5F1-237AABDC6848}.Release|iPhone.Build.0 = Release|Any CPU
		{7AC208AC-B995-4A76-A5F1-237AABDC6848}.Release|iPhoneSimulator.ActiveCfg = Release|Any CPU
		{7AC208AC-B995-4A76-A5F1-237AABDC6848}.Release|iPhoneSimulator.Build.0 = Release|Any CPU
		{7AC208AC-B995-4A76-A5F1-237AABDC6848}.Release|x64.ActiveCfg = Release|Any CPU
		{7AC208AC-B995-4A76-A5F1-237AABDC6848}.Release|x64.Build.0 = Release|Any CPU
		{7AC208AC-B995-4A76-A5F1-237AABDC6848}.Release|x86.ActiveCfg = Release|Any CPU
		{7AC208AC-B995-4A76-A5F1-237AABDC6848}.Release|x86.Build.0 = Release|Any CPU
		{B40BB066-BC49-4E45-8D77-98549B8D6318}.Ad-Hoc|Any CPU.ActiveCfg = Release|x86
		{B40BB066-BC49-4E45-8D77-98549B8D6318}.Ad-Hoc|Any CPU.Build.0 = Release|x86
		{B40BB066-BC49-4E45-8D77-98549B8D6318}.Ad-Hoc|Any CPU.Deploy.0 = Release|x86
		{B40BB066-BC49-4E45-8D77-98549B8D6318}.Ad-Hoc|ARM.ActiveCfg = Release|ARM
		{B40BB066-BC49-4E45-8D77-98549B8D6318}.Ad-Hoc|ARM.Build.0 = Release|ARM
		{B40BB066-BC49-4E45-8D77-98549B8D6318}.Ad-Hoc|ARM.Deploy.0 = Release|ARM
		{B40BB066-BC49-4E45-8D77-98549B8D6318}.Ad-Hoc|iPhone.ActiveCfg = Release|x86
		{B40BB066-BC49-4E45-8D77-98549B8D6318}.Ad-Hoc|iPhone.Build.0 = Release|x86
		{B40BB066-BC49-4E45-8D77-98549B8D6318}.Ad-Hoc|iPhone.Deploy.0 = Release|x86
		{B40BB066-BC49-4E45-8D77-98549B8D6318}.Ad-Hoc|iPhoneSimulator.ActiveCfg = Release|x86
		{B40BB066-BC49-4E45-8D77-98549B8D6318}.Ad-Hoc|iPhoneSimulator.Build.0 = Release|x86
		{B40BB066-BC49-4E45-8D77-98549B8D6318}.Ad-Hoc|iPhoneSimulator.Deploy.0 = Release|x86
		{B40BB066-BC49-4E45-8D77-98549B8D6318}.Ad-Hoc|x64.ActiveCfg = Release|x64
		{B40BB066-BC49-4E45-8D77-98549B8D6318}.Ad-Hoc|x64.Build.0 = Release|x64
		{B40BB066-BC49-4E45-8D77-98549B8D6318}.Ad-Hoc|x64.Deploy.0 = Release|x64
		{B40BB066-BC49-4E45-8D77-98549B8D6318}.Ad-Hoc|x86.ActiveCfg = Release|x86
		{B40BB066-BC49-4E45-8D77-98549B8D6318}.Ad-Hoc|x86.Build.0 = Release|x86
		{B40BB066-BC49-4E45-8D77-98549B8D6318}.Ad-Hoc|x86.Deploy.0 = Release|x86
		{B40BB066-BC49-4E45-8D77-98549B8D6318}.AppStore|Any CPU.ActiveCfg = Release|x86
		{B40BB066-BC49-4E45-8D77-98549B8D6318}.AppStore|Any CPU.Build.0 = Release|x86
		{B40BB066-BC49-4E45-8D77-98549B8D6318}.AppStore|Any CPU.Deploy.0 = Release|x86
		{B40BB066-BC49-4E45-8D77-98549B8D6318}.AppStore|ARM.ActiveCfg = Release|ARM
		{B40BB066-BC49-4E45-8D77-98549B8D6318}.AppStore|ARM.Build.0 = Release|ARM
		{B40BB066-BC49-4E45-8D77-98549B8D6318}.AppStore|ARM.Deploy.0 = Release|ARM
		{B40BB066-BC49-4E45-8D77-98549B8D6318}.AppStore|iPhone.ActiveCfg = Release|x86
		{B40BB066-BC49-4E45-8D77-98549B8D6318}.AppStore|iPhone.Build.0 = Release|x86
		{B40BB066-BC49-4E45-8D77-98549B8D6318}.AppStore|iPhone.Deploy.0 = Release|x86
		{B40BB066-BC49-4E45-8D77-98549B8D6318}.AppStore|iPhoneSimulator.ActiveCfg = Release|x86
		{B40BB066-BC49-4E45-8D77-98549B8D6318}.AppStore|iPhoneSimulator.Build.0 = Release|x86
		{B40BB066-BC49-4E45-8D77-98549B8D6318}.AppStore|iPhoneSimulator.Deploy.0 = Release|x86
		{B40BB066-BC49-4E45-8D77-98549B8D6318}.AppStore|x64.ActiveCfg = Release|x64
		{B40BB066-BC49-4E45-8D77-98549B8D6318}.AppStore|x64.Build.0 = Release|x64
		{B40BB066-BC49-4E45-8D77-98549B8D6318}.AppStore|x64.Deploy.0 = Release|x64
		{B40BB066-BC49-4E45-8D77-98549B8D6318}.AppStore|x86.ActiveCfg = Release|x86
		{B40BB066-BC49-4E45-8D77-98549B8D6318}.AppStore|x86.Build.0 = Release|x86
		{B40BB066-BC49-4E45-8D77-98549B8D6318}.AppStore|x86.Deploy.0 = Release|x86
		{B40BB066-BC49-4E45-8D77-98549B8D6318}.Debug|Any CPU.ActiveCfg = Debug|x86
		{B40BB066-BC49-4E45-8D77-98549B8D6318}.Debug|ARM.ActiveCfg = Debug|ARM
		{B40BB066-BC49-4E45-8D77-98549B8D6318}.Debug|ARM.Build.0 = Debug|ARM
		{B40BB066-BC49-4E45-8D77-98549B8D6318}.Debug|ARM.Deploy.0 = Debug|ARM
		{B40BB066-BC49-4E45-8D77-98549B8D6318}.Debug|iPhone.ActiveCfg = Debug|x86
		{B40BB066-BC49-4E45-8D77-98549B8D6318}.Debug|iPhoneSimulator.ActiveCfg = Debug|x86
		{B40BB066-BC49-4E45-8D77-98549B8D6318}.Debug|x64.ActiveCfg = Debug|x64
		{B40BB066-BC49-4E45-8D77-98549B8D6318}.Debug|x64.Build.0 = Debug|x64
		{B40BB066-BC49-4E45-8D77-98549B8D6318}.Debug|x64.Deploy.0 = Debug|x64
		{B40BB066-BC49-4E45-8D77-98549B8D6318}.Debug|x86.ActiveCfg = Debug|x86
		{B40BB066-BC49-4E45-8D77-98549B8D6318}.Debug|x86.Build.0 = Debug|x86
		{B40BB066-BC49-4E45-8D77-98549B8D6318}.Debug|x86.Deploy.0 = Debug|x86
		{B40BB066-BC49-4E45-8D77-98549B8D6318}.Release|Any CPU.ActiveCfg = Release|x86
		{B40BB066-BC49-4E45-8D77-98549B8D6318}.Release|ARM.ActiveCfg = Release|ARM
		{B40BB066-BC49-4E45-8D77-98549B8D6318}.Release|ARM.Build.0 = Release|ARM
		{B40BB066-BC49-4E45-8D77-98549B8D6318}.Release|ARM.Deploy.0 = Release|ARM
		{B40BB066-BC49-4E45-8D77-98549B8D6318}.Release|iPhone.ActiveCfg = Release|x86
		{B40BB066-BC49-4E45-8D77-98549B8D6318}.Release|iPhoneSimulator.ActiveCfg = Release|x86
		{B40BB066-BC49-4E45-8D77-98549B8D6318}.Release|x64.ActiveCfg = Release|x64
		{B40BB066-BC49-4E45-8D77-98549B8D6318}.Release|x64.Build.0 = Release|x64
		{B40BB066-BC49-4E45-8D77-98549B8D6318}.Release|x64.Deploy.0 = Release|x64
		{B40BB066-BC49-4E45-8D77-98549B8D6318}.Release|x86.ActiveCfg = Release|x86
		{B40BB066-BC49-4E45-8D77-98549B8D6318}.Release|x86.Build.0 = Release|x86
		{B40BB066-BC49-4E45-8D77-98549B8D6318}.Release|x86.Deploy.0 = Release|x86
		{D9CE84FB-1AB8-4C71-B82F-788F9021726A}.Ad-Hoc|Any CPU.ActiveCfg = Ad-Hoc|iPhone
		{D9CE84FB-1AB8-4C71-B82F-788F9021726A}.Ad-Hoc|ARM.ActiveCfg = Ad-Hoc|iPhone
		{D9CE84FB-1AB8-4C71-B82F-788F9021726A}.Ad-Hoc|iPhone.ActiveCfg = Ad-Hoc|iPhone
		{D9CE84FB-1AB8-4C71-B82F-788F9021726A}.Ad-Hoc|iPhone.Build.0 = Ad-Hoc|iPhone
		{D9CE84FB-1AB8-4C71-B82F-788F9021726A}.Ad-Hoc|iPhoneSimulator.ActiveCfg = Ad-Hoc|iPhoneSimulator
		{D9CE84FB-1AB8-4C71-B82F-788F9021726A}.Ad-Hoc|iPhoneSimulator.Build.0 = Ad-Hoc|iPhoneSimulator
		{D9CE84FB-1AB8-4C71-B82F-788F9021726A}.Ad-Hoc|x64.ActiveCfg = Ad-Hoc|iPhone
		{D9CE84FB-1AB8-4C71-B82F-788F9021726A}.Ad-Hoc|x86.ActiveCfg = Ad-Hoc|iPhone
		{D9CE84FB-1AB8-4C71-B82F-788F9021726A}.AppStore|Any CPU.ActiveCfg = AppStore|iPhone
		{D9CE84FB-1AB8-4C71-B82F-788F9021726A}.AppStore|ARM.ActiveCfg = AppStore|iPhone
		{D9CE84FB-1AB8-4C71-B82F-788F9021726A}.AppStore|iPhone.ActiveCfg = AppStore|iPhone
		{D9CE84FB-1AB8-4C71-B82F-788F9021726A}.AppStore|iPhone.Build.0 = AppStore|iPhone
		{D9CE84FB-1AB8-4C71-B82F-788F9021726A}.AppStore|iPhoneSimulator.ActiveCfg = AppStore|iPhoneSimulator
		{D9CE84FB-1AB8-4C71-B82F-788F9021726A}.AppStore|iPhoneSimulator.Build.0 = AppStore|iPhoneSimulator
		{D9CE84FB-1AB8-4C71-B82F-788F9021726A}.AppStore|x64.ActiveCfg = AppStore|iPhone
		{D9CE84FB-1AB8-4C71-B82F-788F9021726A}.AppStore|x86.ActiveCfg = AppStore|iPhone
		{D9CE84FB-1AB8-4C71-B82F-788F9021726A}.Debug|Any CPU.ActiveCfg = Debug|iPhone
		{D9CE84FB-1AB8-4C71-B82F-788F9021726A}.Debug|ARM.ActiveCfg = Debug|iPhone
		{D9CE84FB-1AB8-4C71-B82F-788F9021726A}.Debug|iPhone.ActiveCfg = Debug|iPhone
		{D9CE84FB-1AB8-4C71-B82F-788F9021726A}.Debug|iPhone.Build.0 = Debug|iPhone
		{D9CE84FB-1AB8-4C71-B82F-788F9021726A}.Debug|iPhoneSimulator.ActiveCfg = Debug|iPhoneSimulator
		{D9CE84FB-1AB8-4C71-B82F-788F9021726A}.Debug|iPhoneSimulator.Build.0 = Debug|iPhoneSimulator
		{D9CE84FB-1AB8-4C71-B82F-788F9021726A}.Debug|x64.ActiveCfg = Debug|iPhone
		{D9CE84FB-1AB8-4C71-B82F-788F9021726A}.Debug|x86.ActiveCfg = Debug|iPhone
		{D9CE84FB-1AB8-4C71-B82F-788F9021726A}.Release|Any CPU.ActiveCfg = Release|iPhone
		{D9CE84FB-1AB8-4C71-B82F-788F9021726A}.Release|ARM.ActiveCfg = Release|iPhone
		{D9CE84FB-1AB8-4C71-B82F-788F9021726A}.Release|iPhone.ActiveCfg = Release|iPhone
		{D9CE84FB-1AB8-4C71-B82F-788F9021726A}.Release|iPhone.Build.0 = Release|iPhone
		{D9CE84FB-1AB8-4C71-B82F-788F9021726A}.Release|iPhoneSimulator.ActiveCfg = Release|iPhoneSimulator
		{D9CE84FB-1AB8-4C71-B82F-788F9021726A}.Release|iPhoneSimulator.Build.0 = Release|iPhoneSimulator
		{D9CE84FB-1AB8-4C71-B82F-788F9021726A}.Release|x64.ActiveCfg = Release|iPhone
		{D9CE84FB-1AB8-4C71-B82F-788F9021726A}.Release|x86.ActiveCfg = Release|iPhone
	EndGlobalSection
	GlobalSection(SolutionProperties) = preSolution
		HideSolutionNode = FALSE
	EndGlobalSection
	GlobalSection(ExtensibilityGlobals) = postSolution
		SolutionGuid = {17DF9771-FCDC-4A5A-9385-428B0275A6BF}
	EndGlobalSection
EndGlobal
